
Microsoft Visual Studio Solution File, Format Version 12.00
# Visual Studio Version 16
VisualStudioVersion = 16.0.29519.181
MinimumVisualStudioVersion = 10.0.40219.1
Project("{9A19103F-16F7-4668-BE54-9A1E7A4F7556}") = "TransactionsCalculator", "TransactionsCalculator\TransactionsCalculator.csproj", "{FB854DA2-ED62-439D-890D-6FAD50AA079D}"
EndProject
Project("{9A19103F-16F7-4668-BE54-9A1E7A4F7556}") = "TransactionsCalculator.Interfaces", "TransactionsCalculator.Interfaces\TransactionsCalculator.Interfaces.csproj", "{DB5E4D8B-0241-4EC7-9789-AC7D833C084C}"
EndProject
Project("{9A19103F-16F7-4668-BE54-9A1E7A4F7556}") = "TransactionsCalculator.Core", "TransactionsCalculator.Services\TransactionsCalculator.Core.csproj", "{19B55239-BB98-4F73-87B9-DF2B9427C30C}"
EndProject
Project("{9A19103F-16F7-4668-BE54-9A1E7A4F7556}") = "Tests", "Tests\Tests.csproj", "{9240D0AA-BB0E-4260-B83C-C70C24F3DE63}"
EndProject
Project("{9A19103F-16F7-4668-BE54-9A1E7A4F7556}") = "TransactionCalculator.Models", "TransactionCalculator.Models\TransactionCalculator.Models.csproj", "{DFD44371-B53E-4F45-BACA-BFF789001961}"
EndProject
Project("{2150E333-8FDC-42A3-9474-1A3956D46DE8}") = "SolutionItems", "SolutionItems", "{B99A5BC4-91DA-467F-A752-6CDE3812A7E1}"
	ProjectSection(SolutionItems) = preProject
		TODOList.txt = TODOList.txt
		Tests\bin\Release\transactionsCalculator.zip = Tests\bin\Release\transactionsCalculator.zip
	EndProjectSection
EndProject
Global
	GlobalSection(SolutionConfigurationPlatforms) = preSolution
		Debug|Any CPU = Debug|Any CPU
		Release|Any CPU = Release|Any CPU
	EndGlobalSection
	GlobalSection(ProjectConfigurationPlatforms) = postSolution
		{FB854DA2-ED62-439D-890D-6FAD50AA079D}.Debug|Any CPU.ActiveCfg = Debug|Any CPU
		{FB854DA2-ED62-439D-890D-6FAD50AA079D}.Debug|Any CPU.Build.0 = Debug|Any CPU
		{FB854DA2-ED62-439D-890D-6FAD50AA079D}.Release|Any CPU.ActiveCfg = Release|Any CPU
		{FB854DA2-ED62-439D-890D-6FAD50AA079D}.Release|Any CPU.Build.0 = Release|Any CPU
		{DB5E4D8B-0241-4EC7-9789-AC7D833C084C}.Debug|Any CPU.ActiveCfg = Debug|Any CPU
		{DB5E4D8B-0241-4EC7-9789-AC7D833C084C}.Debug|Any CPU.Build.0 = Debug|Any CPU
		{DB5E4D8B-0241-4EC7-9789-AC7D833C084C}.Release|Any CPU.ActiveCfg = Release|Any CPU
		{DB5E4D8B-0241-4EC7-9789-AC7D833C084C}.Release|Any CPU.Build.0 = Release|Any CPU
		{19B55239-BB98-4F73-87B9-DF2B9427C30C}.Debug|Any CPU.ActiveCfg = Debug|Any CPU
		{19B55239-BB98-4F73-87B9-DF2B9427C30C}.Debug|Any CPU.Build.0 = Debug|Any CPU
		{19B55239-BB98-4F73-87B9-DF2B9427C30C}.Release|Any CPU.ActiveCfg = Release|Any CPU
		{19B55239-BB98-4F73-87B9-DF2B9427C30C}.Release|Any CPU.Build.0 = Release|Any CPU
		{9240D0AA-BB0E-4260-B83C-C70C24F3DE63}.Debug|Any CPU.ActiveCfg = Debug|Any CPU
		{9240D0AA-BB0E-4260-B83C-C70C24F3DE63}.Debug|Any CPU.Build.0 = Debug|Any CPU
		{9240D0AA-BB0E-4260-B83C-C70C24F3DE63}.Release|Any CPU.ActiveCfg = Release|Any CPU
		{9240D0AA-BB0E-4260-B83C-C70C24F3DE63}.Release|Any CPU.Build.0 = Release|Any CPU
		{DFD44371-B53E-4F45-BACA-BFF789001961}.Debug|Any CPU.ActiveCfg = Debug|Any CPU
		{DFD44371-B53E-4F45-BACA-BFF789001961}.Debug|Any CPU.Build.0 = Debug|Any CPU
		{DFD44371-B53E-4F45-BACA-BFF789001961}.Release|Any CPU.ActiveCfg = Release|Any CPU
		{DFD44371-B53E-4F45-BACA-BFF789001961}.Release|Any CPU.Build.0 = Release|Any CPU
	EndGlobalSection
	GlobalSection(SolutionProperties) = preSolution
		HideSolutionNode = FALSE
	EndGlobalSection
	GlobalSection(ExtensibilityGlobals) = postSolution
		SolutionGuid = {90FEEDD7-F4EE-463C-B0D5-33D7B918B52E}
	EndGlobalSection
EndGlobal
